
Microsoft Visual Studio Solution File, Format Version 12.00
# Visual Studio Version 17
VisualStudioVersion = 17.8.34525.116
MinimumVisualStudioVersion = 10.0.40219.1
Project("{FAE04EC0-301F-11D3-BF4B-00C04F79EFBC}") = "Match", "Match\Match.csproj", "{9A579464-37C4-48B9-9FA8-0351A541F00B}"
EndProject
Project("{FAE04EC0-301F-11D3-BF4B-00C04F79EFBC}") = "Match.Tests", "Match.Tests\Match.Tests.csproj", "{5D6B3738-1C92-469D-87D2-24ED49B82B37}"
EndProject
Global
	GlobalSection(SolutionConfigurationPlatforms) = preSolution
		Debug|Any CPU = Debug|Any CPU
		Release|Any CPU = Release|Any CPU
	EndGlobalSection
	GlobalSection(ProjectConfigurationPlatforms) = postSolution
		{9A579464-37C4-48B9-9FA8-0351A541F00B}.Debug|Any CPU.ActiveCfg = Debug|Any CPU
		{9A579464-37C4-48B9-9FA8-0351A541F00B}.Debug|Any CPU.Build.0 = Debug|Any CPU
		{9A579464-37C4-48B9-9FA8-0351A541F00B}.Release|Any CPU.ActiveCfg = Release|Any CPU
		{9A579464-37C4-48B9-9FA8-0351A541F00B}.Release|Any CPU.Build.0 = Release|Any CPU
		{5D6B3738-1C92-469D-87D2-24ED49B82B37}.Debug|Any CPU.ActiveCfg = Debug|Any CPU
		{5D6B3738-1C92-469D-87D2-24ED49B82B37}.Debug|Any CPU.Build.0 = Debug|Any CPU
		{5D6B3738-1C92-469D-87D2-24ED49B82B37}.Release|Any CPU.ActiveCfg = Release|Any CPU
		{5D6B3738-1C92-469D-87D2-24ED49B82B37}.Release|Any CPU.Build.0 = Release|Any CPU
	EndGlobalSection
	GlobalSection(SolutionProperties) = preSolution
		HideSolutionNode = FALSE
	EndGlobalSection
	GlobalSection(ExtensibilityGlobals) = postSolution
		SolutionGuid = {120B1B4A-A5B6-4EB5-A509-EA0FCE365E60}
	EndGlobalSection
EndGlobal
